
Microsoft Visual Studio Solution File, Format Version 12.00
# Visual Studio 15
VisualStudioVersion = 15.0.28010.2026
MinimumVisualStudioVersion = 10.0.40219.1
Project("{FAE04EC0-301F-11D3-BF4B-00C04F79EFBC}") = "InfoColeAplicacion", "InfoColeAplicacion\InfoColeAplicacion.csproj", "{B68D8399-5383-4977-B5CC-55DE5390A7BE}"
EndProject
Global
	GlobalSection(SolutionConfigurationPlatforms) = preSolution
		Debug|Any CPU = Debug|Any CPU
		Release|Any CPU = Release|Any CPU
	EndGlobalSection
	GlobalSection(ProjectConfigurationPlatforms) = postSolution
		{B68D8399-5383-4977-B5CC-55DE5390A7BE}.Debug|Any CPU.ActiveCfg = Debug|Any CPU
		{B68D8399-5383-4977-B5CC-55DE5390A7BE}.Debug|Any CPU.Build.0 = Debug|Any CPU
		{B68D8399-5383-4977-B5CC-55DE5390A7BE}.Release|Any CPU.ActiveCfg = Release|Any CPU
		{B68D8399-5383-4977-B5CC-55DE5390A7BE}.Release|Any CPU.Build.0 = Release|Any CPU
	EndGlobalSection
	GlobalSection(SolutionProperties) = preSolution
		HideSolutionNode = FALSE
	EndGlobalSection
	GlobalSection(ExtensibilityGlobals) = postSolution
		SolutionGuid = {87781190-4FD2-4E60-BEF3-95EBE2697707}
	EndGlobalSection
EndGlobal
